
Microsoft Visual Studio Solution File, Format Version 12.00
# Visual Studio Version 16
VisualStudioVersion = 16.0.30907.101
MinimumVisualStudioVersion = 10.0.40219.1
Project("{9A19103F-16F7-4668-BE54-9A1E7A4F7556}") = "TestMultipleController", "TestMultipleController\TestMultipleController.csproj", "{F2605191-CFA8-4F2A-94C6-AA3ED7653C4D}"
EndProject
Project("{9A19103F-16F7-4668-BE54-9A1E7A4F7556}") = "ControllerLib", "ControllerLib\ControllerLib.csproj", "{5C409FBA-1DE7-41E4-9F67-4E49815F396B}"
EndProject
Project("{FAE04EC0-301F-11D3-BF4B-00C04F79EFBC}") = "TestMultipleControllerWeb", "TestMultipleControllerWeb\TestMultipleControllerWeb.csproj", "{8807CA9A-33F7-4BEC-9560-461C93283EE6}"
EndProject
Global
	GlobalSection(SolutionConfigurationPlatforms) = preSolution
		Debug|Any CPU = Debug|Any CPU
		Release|Any CPU = Release|Any CPU
	EndGlobalSection
	GlobalSection(ProjectConfigurationPlatforms) = postSolution
		{F2605191-CFA8-4F2A-94C6-AA3ED7653C4D}.Debug|Any CPU.ActiveCfg = Debug|Any CPU
		{F2605191-CFA8-4F2A-94C6-AA3ED7653C4D}.Debug|Any CPU.Build.0 = Debug|Any CPU
		{F2605191-CFA8-4F2A-94C6-AA3ED7653C4D}.Release|Any CPU.ActiveCfg = Release|Any CPU
		{F2605191-CFA8-4F2A-94C6-AA3ED7653C4D}.Release|Any CPU.Build.0 = Release|Any CPU
		{5C409FBA-1DE7-41E4-9F67-4E49815F396B}.Debug|Any CPU.ActiveCfg = Debug|Any CPU
		{5C409FBA-1DE7-41E4-9F67-4E49815F396B}.Debug|Any CPU.Build.0 = Debug|Any CPU
		{5C409FBA-1DE7-41E4-9F67-4E49815F396B}.Release|Any CPU.ActiveCfg = Release|Any CPU
		{5C409FBA-1DE7-41E4-9F67-4E49815F396B}.Release|Any CPU.Build.0 = Release|Any CPU
		{8807CA9A-33F7-4BEC-9560-461C93283EE6}.Debug|Any CPU.ActiveCfg = Debug|Any CPU
		{8807CA9A-33F7-4BEC-9560-461C93283EE6}.Debug|Any CPU.Build.0 = Debug|Any CPU
		{8807CA9A-33F7-4BEC-9560-461C93283EE6}.Release|Any CPU.ActiveCfg = Release|Any CPU
		{8807CA9A-33F7-4BEC-9560-461C93283EE6}.Release|Any CPU.Build.0 = Release|Any CPU
	EndGlobalSection
	GlobalSection(SolutionProperties) = preSolution
		HideSolutionNode = FALSE
	EndGlobalSection
	GlobalSection(ExtensibilityGlobals) = postSolution
		SolutionGuid = {8B750D5A-536D-419F-B207-121AF6408195}
	EndGlobalSection
EndGlobal
